
Microsoft Visual Studio Solution File, Format Version 12.00
Project("{FAE04EC0-301F-11D3-BF4B-00C04F79EFBC}") = "Day01", "Day01\Day01.csproj", "{7B0E9301-302D-40F1-84DA-9D5937744C80}"
EndProject
Project("{FAE04EC0-301F-11D3-BF4B-00C04F79EFBC}") = "Day02", "Day02\Day02.csproj", "{2ABF7D30-39B1-44C8-9C40-18E8D67A8426}"
EndProject
Project("{FAE04EC0-301F-11D3-BF4B-00C04F79EFBC}") = "Day03", "Day03\Day03.csproj", "{543C8E03-C3D8-4EA0-AF92-18BC87EE194A}"
EndProject
Project("{FAE04EC0-301F-11D3-BF4B-00C04F79EFBC}") = "Day04", "Day04\Day04.csproj", "{5DBC4F65-1A5A-448D-AEC0-A321973E3A16}"
EndProject
Project("{FAE04EC0-301F-11D3-BF4B-00C04F79EFBC}") = "Day05", "Day05\Day05.csproj", "{AAE01485-3275-4613-AFAC-9508E474FFBE}"
EndProject
Project("{FAE04EC0-301F-11D3-BF4B-00C04F79EFBC}") = "Day06", "Day06\Day06.csproj", "{F2804271-BB00-4B29-A441-D6C7F67B63F0}"
EndProject
Project("{FAE04EC0-301F-11D3-BF4B-00C04F79EFBC}") = "Day07", "Day07\Day07.csproj", "{A3B85EEE-7681-4AF5-B026-FAF39368D95C}"
EndProject
Project("{FAE04EC0-301F-11D3-BF4B-00C04F79EFBC}") = "Day08", "Day08\Day08.csproj", "{BFC8D33B-C9E3-4794-BB04-302380F7B32F}"
EndProject
Project("{FAE04EC0-301F-11D3-BF4B-00C04F79EFBC}") = "Day09", "Day09\Day09.csproj", "{08B04194-DF20-4085-801C-417B1BA60E42}"
EndProject
Project("{FAE04EC0-301F-11D3-BF4B-00C04F79EFBC}") = "Day10", "Day10\Day10.csproj", "{30F139E9-EBC5-4FFC-821F-FC20510E0753}"
EndProject
Project("{FAE04EC0-301F-11D3-BF4B-00C04F79EFBC}") = "Day11", "Day11\Day11.csproj", "{99C20D13-7834-4E0C-9512-16BC11E2E901}"
EndProject
Project("{FAE04EC0-301F-11D3-BF4B-00C04F79EFBC}") = "Day12", "Day12\Day12.csproj", "{A5877049-D700-4368-81D4-3A50E3D4A930}"
EndProject
Global
	GlobalSection(SolutionConfigurationPlatforms) = preSolution
		Debug|Any CPU = Debug|Any CPU
		Debug|x64 = Debug|x64
		Debug|x86 = Debug|x86
		Release|Any CPU = Release|Any CPU
		Release|x64 = Release|x64
		Release|x86 = Release|x86
	EndGlobalSection
	GlobalSection(ProjectConfigurationPlatforms) = postSolution
		{7B0E9301-302D-40F1-84DA-9D5937744C80}.Debug|Any CPU.ActiveCfg = Debug|Any CPU
		{7B0E9301-302D-40F1-84DA-9D5937744C80}.Debug|Any CPU.Build.0 = Debug|Any CPU
		{7B0E9301-302D-40F1-84DA-9D5937744C80}.Debug|x64.ActiveCfg = Debug|Any CPU
		{7B0E9301-302D-40F1-84DA-9D5937744C80}.Debug|x64.Build.0 = Debug|Any CPU
		{7B0E9301-302D-40F1-84DA-9D5937744C80}.Debug|x86.ActiveCfg = Debug|Any CPU
		{7B0E9301-302D-40F1-84DA-9D5937744C80}.Debug|x86.Build.0 = Debug|Any CPU
		{7B0E9301-302D-40F1-84DA-9D5937744C80}.Release|Any CPU.ActiveCfg = Release|Any CPU
		{7B0E9301-302D-40F1-84DA-9D5937744C80}.Release|Any CPU.Build.0 = Release|Any CPU
		{7B0E9301-302D-40F1-84DA-9D5937744C80}.Release|x64.ActiveCfg = Release|Any CPU
		{7B0E9301-302D-40F1-84DA-9D5937744C80}.Release|x64.Build.0 = Release|Any CPU
		{7B0E9301-302D-40F1-84DA-9D5937744C80}.Release|x86.ActiveCfg = Release|Any CPU
		{7B0E9301-302D-40F1-84DA-9D5937744C80}.Release|x86.Build.0 = Release|Any CPU
		{2ABF7D30-39B1-44C8-9C40-18E8D67A8426}.Debug|Any CPU.ActiveCfg = Debug|Any CPU
		{2ABF7D30-39B1-44C8-9C40-18E8D67A8426}.Debug|Any CPU.Build.0 = Debug|Any CPU
		{2ABF7D30-39B1-44C8-9C40-18E8D67A8426}.Debug|x64.ActiveCfg = Debug|Any CPU
		{2ABF7D30-39B1-44C8-9C40-18E8D67A8426}.Debug|x64.Build.0 = Debug|Any CPU
		{2ABF7D30-39B1-44C8-9C40-18E8D67A8426}.Debug|x86.ActiveCfg = Debug|Any CPU
		{2ABF7D30-39B1-44C8-9C40-18E8D67A8426}.Debug|x86.Build.0 = Debug|Any CPU
		{2ABF7D30-39B1-44C8-9C40-18E8D67A8426}.Release|Any CPU.ActiveCfg = Release|Any CPU
		{2ABF7D30-39B1-44C8-9C40-18E8D67A8426}.Release|Any CPU.Build.0 = Release|Any CPU
		{2ABF7D30-39B1-44C8-9C40-18E8D67A8426}.Release|x64.ActiveCfg = Release|Any CPU
		{2ABF7D30-39B1-44C8-9C40-18E8D67A8426}.Release|x64.Build.0 = Release|Any CPU
		{2ABF7D30-39B1-44C8-9C40-18E8D67A8426}.Release|x86.ActiveCfg = Release|Any CPU
		{2ABF7D30-39B1-44C8-9C40-18E8D67A8426}.Release|x86.Build.0 = Release|Any CPU
		{543C8E03-C3D8-4EA0-AF92-18BC87EE194A}.Debug|Any CPU.ActiveCfg = Debug|Any CPU
		{543C8E03-C3D8-4EA0-AF92-18BC87EE194A}.Debug|Any CPU.Build.0 = Debug|Any CPU
		{543C8E03-C3D8-4EA0-AF92-18BC87EE194A}.Debug|x64.ActiveCfg = Debug|Any CPU
		{543C8E03-C3D8-4EA0-AF92-18BC87EE194A}.Debug|x64.Build.0 = Debug|Any CPU
		{543C8E03-C3D8-4EA0-AF92-18BC87EE194A}.Debug|x86.ActiveCfg = Debug|Any CPU
		{543C8E03-C3D8-4EA0-AF92-18BC87EE194A}.Debug|x86.Build.0 = Debug|Any CPU
		{543C8E03-C3D8-4EA0-AF92-18BC87EE194A}.Release|Any CPU.ActiveCfg = Release|Any CPU
		{543C8E03-C3D8-4EA0-AF92-18BC87EE194A}.Release|Any CPU.Build.0 = Release|Any CPU
		{543C8E03-C3D8-4EA0-AF92-18BC87EE194A}.Release|x64.ActiveCfg = Release|Any CPU
		{543C8E03-C3D8-4EA0-AF92-18BC87EE194A}.Release|x64.Build.0 = Release|Any CPU
		{543C8E03-C3D8-4EA0-AF92-18BC87EE194A}.Release|x86.ActiveCfg = Release|Any CPU
		{543C8E03-C3D8-4EA0-AF92-18BC87EE194A}.Release|x86.Build.0 = Release|Any CPU
		{5DBC4F65-1A5A-448D-AEC0-A321973E3A16}.Debug|Any CPU.ActiveCfg = Debug|Any CPU
		{5DBC4F65-1A5A-448D-AEC0-A321973E3A16}.Debug|Any CPU.Build.0 = Debug|Any CPU
		{5DBC4F65-1A5A-448D-AEC0-A321973E3A16}.Debug|x64.ActiveCfg = Debug|Any CPU
		{5DBC4F65-1A5A-448D-AEC0-A321973E3A16}.Debug|x64.Build.0 = Debug|Any CPU
		{5DBC4F65-1A5A-448D-AEC0-A321973E3A16}.Debug|x86.ActiveCfg = Debug|Any CPU
		{5DBC4F65-1A5A-448D-AEC0-A321973E3A16}.Debug|x86.Build.0 = Debug|Any CPU
		{5DBC4F65-1A5A-448D-AEC0-A321973E3A16}.Release|Any CPU.ActiveCfg = Release|Any CPU
		{5DBC4F65-1A5A-448D-AEC0-A321973E3A16}.Release|Any CPU.Build.0 = Release|Any CPU
		{5DBC4F65-1A5A-448D-AEC0-A321973E3A16}.Release|x64.ActiveCfg = Release|Any CPU
		{5DBC4F65-1A5A-448D-AEC0-A321973E3A16}.Release|x64.Build.0 = Release|Any CPU
		{5DBC4F65-1A5A-448D-AEC0-A321973E3A16}.Release|x86.ActiveCfg = Release|Any CPU
		{5DBC4F65-1A5A-448D-AEC0-A321973E3A16}.Release|x86.Build.0 = Release|Any CPU
		{AAE01485-3275-4613-AFAC-9508E474FFBE}.Debug|Any CPU.ActiveCfg = Debug|Any CPU
		{AAE01485-3275-4613-AFAC-9508E474FFBE}.Debug|Any CPU.Build.0 = Debug|Any CPU
		{AAE01485-3275-4613-AFAC-9508E474FFBE}.Debug|x64.ActiveCfg = Debug|Any CPU
		{AAE01485-3275-4613-AFAC-9508E474FFBE}.Debug|x64.Build.0 = Debug|Any CPU
		{AAE01485-3275-4613-AFAC-9508E474FFBE}.Debug|x86.ActiveCfg = Debug|Any CPU
		{AAE01485-3275-4613-AFAC-9508E474FFBE}.Debug|x86.Build.0 = Debug|Any CPU
		{AAE01485-3275-4613-AFAC-9508E474FFBE}.Release|Any CPU.ActiveCfg = Release|Any CPU
		{AAE01485-3275-4613-AFAC-9508E474FFBE}.Release|Any CPU.Build.0 = Release|Any CPU
		{AAE01485-3275-4613-AFAC-9508E474FFBE}.Release|x64.ActiveCfg = Release|Any CPU
		{AAE01485-3275-4613-AFAC-9508E474FFBE}.Release|x64.Build.0 = Release|Any CPU
		{AAE01485-3275-4613-AFAC-9508E474FFBE}.Release|x86.ActiveCfg = Release|Any CPU
		{AAE01485-3275-4613-AFAC-9508E474FFBE}.Release|x86.Build.0 = Release|Any CPU
		{F2804271-BB00-4B29-A441-D6C7F67B63F0}.Debug|Any CPU.ActiveCfg = Debug|Any CPU
		{F2804271-BB00-4B29-A441-D6C7F67B63F0}.Debug|Any CPU.Build.0 = Debug|Any CPU
		{F2804271-BB00-4B29-A441-D6C7F67B63F0}.Debug|x64.ActiveCfg = Debug|Any CPU
		{F2804271-BB00-4B29-A441-D6C7F67B63F0}.Debug|x64.Build.0 = Debug|Any CPU
		{F2804271-BB00-4B29-A441-D6C7F67B63F0}.Debug|x86.ActiveCfg = Debug|Any CPU
		{F2804271-BB00-4B29-A441-D6C7F67B63F0}.Debug|x86.Build.0 = Debug|Any CPU
		{F2804271-BB00-4B29-A441-D6C7F67B63F0}.Release|Any CPU.ActiveCfg = Release|Any CPU
		{F2804271-BB00-4B29-A441-D6C7F67B63F0}.Release|Any CPU.Build.0 = Release|Any CPU
		{F2804271-BB00-4B29-A441-D6C7F67B63F0}.Release|x64.ActiveCfg = Release|Any CPU
		{F2804271-BB00-4B29-A441-D6C7F67B63F0}.Release|x64.Build.0 = Release|Any CPU
		{F2804271-BB00-4B29-A441-D6C7F67B63F0}.Release|x86.ActiveCfg = Release|Any CPU
		{F2804271-BB00-4B29-A441-D6C7F67B63F0}.Release|x86.Build.0 = Release|Any CPU
		{A3B85EEE-7681-4AF5-B026-FAF39368D95C}.Debug|Any CPU.ActiveCfg = Debug|Any CPU
		{A3B85EEE-7681-4AF5-B026-FAF39368D95C}.Debug|Any CPU.Build.0 = Debug|Any CPU
		{A3B85EEE-7681-4AF5-B026-FAF39368D95C}.Debug|x64.ActiveCfg = Debug|Any CPU
		{A3B85EEE-7681-4AF5-B026-FAF39368D95C}.Debug|x64.Build.0 = Debug|Any CPU
		{A3B85EEE-7681-4AF5-B026-FAF39368D95C}.Debug|x86.ActiveCfg = Debug|Any CPU
		{A3B85EEE-7681-4AF5-B026-FAF39368D95C}.Debug|x86.Build.0 = Debug|Any CPU
		{A3B85EEE-7681-4AF5-B026-FAF39368D95C}.Release|Any CPU.ActiveCfg = Release|Any CPU
		{A3B85EEE-7681-4AF5-B026-FAF39368D95C}.Release|Any CPU.Build.0 = Release|Any CPU
		{A3B85EEE-7681-4AF5-B026-FAF39368D95C}.Release|x64.ActiveCfg = Release|Any CPU
		{A3B85EEE-7681-4AF5-B026-FAF39368D95C}.Release|x64.Build.0 = Release|Any CPU
		{A3B85EEE-7681-4AF5-B026-FAF39368D95C}.Release|x86.ActiveCfg = Release|Any CPU
		{A3B85EEE-7681-4AF5-B026-FAF39368D95C}.Release|x86.Build.0 = Release|Any CPU
		{BFC8D33B-C9E3-4794-BB04-302380F7B32F}.Debug|Any CPU.ActiveCfg = Debug|Any CPU
		{BFC8D33B-C9E3-4794-BB04-302380F7B32F}.Debug|Any CPU.Build.0 = Debug|Any CPU
		{BFC8D33B-C9E3-4794-BB04-302380F7B32F}.Debug|x64.ActiveCfg = Debug|Any CPU
		{BFC8D33B-C9E3-4794-BB04-302380F7B32F}.Debug|x64.Build.0 = Debug|Any CPU
		{BFC8D33B-C9E3-4794-BB04-302380F7B32F}.Debug|x86.ActiveCfg = Debug|Any CPU
		{BFC8D33B-C9E3-4794-BB04-302380F7B32F}.Debug|x86.Build.0 = Debug|Any CPU
		{BFC8D33B-C9E3-4794-BB04-302380F7B32F}.Release|Any CPU.ActiveCfg = Release|Any CPU
		{BFC8D33B-C9E3-4794-BB04-302380F7B32F}.Release|Any CPU.Build.0 = Release|Any CPU
		{BFC8D33B-C9E3-4794-BB04-302380F7B32F}.Release|x64.ActiveCfg = Release|Any CPU
		{BFC8D33B-C9E3-4794-BB04-302380F7B32F}.Release|x64.Build.0 = Release|Any CPU
		{BFC8D33B-C9E3-4794-BB04-302380F7B32F}.Release|x86.ActiveCfg = Release|Any CPU
		{BFC8D33B-C9E3-4794-BB04-302380F7B32F}.Release|x86.Build.0 = Release|Any CPU
		{08B04194-DF20-4085-801C-417B1BA60E42}.Debug|Any CPU.ActiveCfg = Debug|Any CPU
		{08B04194-DF20-4085-801C-417B1BA60E42}.Debug|Any CPU.Build.0 = Debug|Any CPU
		{08B04194-DF20-4085-801C-417B1BA60E42}.Debug|x64.ActiveCfg = Debug|Any CPU
		{08B04194-DF20-4085-801C-417B1BA60E42}.Debug|x64.Build.0 = Debug|Any CPU
		{08B04194-DF20-4085-801C-417B1BA60E42}.Debug|x86.ActiveCfg = Debug|Any CPU
		{08B04194-DF20-4085-801C-417B1BA60E42}.Debug|x86.Build.0 = Debug|Any CPU
		{08B04194-DF20-4085-801C-417B1BA60E42}.Release|Any CPU.ActiveCfg = Release|Any CPU
		{08B04194-DF20-4085-801C-417B1BA60E42}.Release|Any CPU.Build.0 = Release|Any CPU
		{08B04194-DF20-4085-801C-417B1BA60E42}.Release|x64.ActiveCfg = Release|Any CPU
		{08B04194-DF20-4085-801C-417B1BA60E42}.Release|x64.Build.0 = Release|Any CPU
		{08B04194-DF20-4085-801C-417B1BA60E42}.Release|x86.ActiveCfg = Release|Any CPU
		{08B04194-DF20-4085-801C-417B1BA60E42}.Release|x86.Build.0 = Release|Any CPU
		{30F139E9-EBC5-4FFC-821F-FC20510E0753}.Debug|Any CPU.ActiveCfg = Debug|Any CPU
		{30F139E9-EBC5-4FFC-821F-FC20510E0753}.Debug|Any CPU.Build.0 = Debug|Any CPU
		{30F139E9-EBC5-4FFC-821F-FC20510E0753}.Debug|x64.ActiveCfg = Debug|Any CPU
		{30F139E9-EBC5-4FFC-821F-FC20510E0753}.Debug|x64.Build.0 = Debug|Any CPU
		{30F139E9-EBC5-4FFC-821F-FC20510E0753}.Debug|x86.ActiveCfg = Debug|Any CPU
		{30F139E9-EBC5-4FFC-821F-FC20510E0753}.Debug|x86.Build.0 = Debug|Any CPU
		{30F139E9-EBC5-4FFC-821F-FC20510E0753}.Release|Any CPU.ActiveCfg = Release|Any CPU
		{30F139E9-EBC5-4FFC-821F-FC20510E0753}.Release|Any CPU.Build.0 = Release|Any CPU
		{30F139E9-EBC5-4FFC-821F-FC20510E0753}.Release|x64.ActiveCfg = Release|Any CPU
		{30F139E9-EBC5-4FFC-821F-FC20510E0753}.Release|x64.Build.0 = Release|Any CPU
		{30F139E9-EBC5-4FFC-821F-FC20510E0753}.Release|x86.ActiveCfg = Release|Any CPU
		{30F139E9-EBC5-4FFC-821F-FC20510E0753}.Release|x86.Build.0 = Release|Any CPU
		{99C20D13-7834-4E0C-9512-16BC11E2E901}.Debug|Any CPU.ActiveCfg = Debug|Any CPU
		{99C20D13-7834-4E0C-9512-16BC11E2E901}.Debug|Any CPU.Build.0 = Debug|Any CPU
		{99C20D13-7834-4E0C-9512-16BC11E2E901}.Debug|x64.ActiveCfg = Debug|Any CPU
		{99C20D13-7834-4E0C-9512-16BC11E2E901}.Debug|x64.Build.0 = Debug|Any CPU
		{99C20D13-7834-4E0C-9512-16BC11E2E901}.Debug|x86.ActiveCfg = Debug|Any CPU
		{99C20D13-7834-4E0C-9512-16BC11E2E901}.Debug|x86.Build.0 = Debug|Any CPU
		{99C20D13-7834-4E0C-9512-16BC11E2E901}.Release|Any CPU.ActiveCfg = Release|Any CPU
		{99C20D13-7834-4E0C-9512-16BC11E2E901}.Release|Any CPU.Build.0 = Release|Any CPU
		{99C20D13-7834-4E0C-9512-16BC11E2E901}.Release|x64.ActiveCfg = Release|Any CPU
		{99C20D13-7834-4E0C-9512-16BC11E2E901}.Release|x64.Build.0 = Release|Any CPU
		{99C20D13-7834-4E0C-9512-16BC11E2E901}.Release|x86.ActiveCfg = Release|Any CPU
		{99C20D13-7834-4E0C-9512-16BC11E2E901}.Release|x86.Build.0 = Release|Any CPU
		{A5877049-D700-4368-81D4-3A50E3D4A930}.Debug|Any CPU.ActiveCfg = Debug|Any CPU
		{A5877049-D700-4368-81D4-3A50E3D4A930}.Debug|Any CPU.Build.0 = Debug|Any CPU
		{A5877049-D700-4368-81D4-3A50E3D4A930}.Debug|x64.ActiveCfg = Debug|Any CPU
		{A5877049-D700-4368-81D4-3A50E3D4A930}.Debug|x64.Build.0 = Debug|Any CPU
		{A5877049-D700-4368-81D4-3A50E3D4A930}.Debug|x86.ActiveCfg = Debug|Any CPU
		{A5877049-D700-4368-81D4-3A50E3D4A930}.Debug|x86.Build.0 = Debug|Any CPU
		{A5877049-D700-4368-81D4-3A50E3D4A930}.Release|Any CPU.ActiveCfg = Release|Any CPU
		{A5877049-D700-4368-81D4-3A50E3D4A930}.Release|Any CPU.Build.0 = Release|Any CPU
		{A5877049-D700-4368-81D4-3A50E3D4A930}.Release|x64.ActiveCfg = Release|Any CPU
		{A5877049-D700-4368-81D4-3A50E3D4A930}.Release|x64.Build.0 = Release|Any CPU
		{A5877049-D700-4368-81D4-3A50E3D4A930}.Release|x86.ActiveCfg = Release|Any CPU
		{A5877049-D700-4368-81D4-3A50E3D4A930}.Release|x86.Build.0 = Release|Any CPU
	EndGlobalSection
	GlobalSection(SolutionProperties) = preSolution
		HideSolutionNode = FALSE
	EndGlobalSection
EndGlobal
